
Microsoft Visual Studio Solution File, Format Version 12.00
# Visual Studio 14
VisualStudioVersion = 14.0.25420.1
MinimumVisualStudioVersion = 10.0.40219.1
Project("{FAE04EC0-301F-11D3-BF4B-00C04F79EFBC}") = "WebApplication1", "WebApplication1\WebApplication1.csproj", "{CC5FCA1B-9207-4E56-B5AD-B80982F5A73E}"
EndProject
Project("{FAE04EC0-301F-11D3-BF4B-00C04F79EFBC}") = "WebApplication1.Tests", "WebApplication1.Tests\WebApplication1.Tests.csproj", "{576D334E-753D-4491-B133-07B826164650}"
EndProject
Global
	GlobalSection(SolutionConfigurationPlatforms) = preSolution
		Debug|Any CPU = Debug|Any CPU
		Release|Any CPU = Release|Any CPU
	EndGlobalSection
	GlobalSection(ProjectConfigurationPlatforms) = postSolution
		{CC5FCA1B-9207-4E56-B5AD-B80982F5A73E}.Debug|Any CPU.ActiveCfg = Debug|Any CPU
		{CC5FCA1B-9207-4E56-B5AD-B80982F5A73E}.Debug|Any CPU.Build.0 = Debug|Any CPU
		{CC5FCA1B-9207-4E56-B5AD-B80982F5A73E}.Release|Any CPU.ActiveCfg = Release|Any CPU
		{CC5FCA1B-9207-4E56-B5AD-B80982F5A73E}.Release|Any CPU.Build.0 = Release|Any CPU
		{576D334E-753D-4491-B133-07B826164650}.Debug|Any CPU.ActiveCfg = Debug|Any CPU
		{576D334E-753D-4491-B133-07B826164650}.Debug|Any CPU.Build.0 = Debug|Any CPU
		{576D334E-753D-4491-B133-07B826164650}.Release|Any CPU.ActiveCfg = Release|Any CPU
		{576D334E-753D-4491-B133-07B826164650}.Release|Any CPU.Build.0 = Release|Any CPU
	EndGlobalSection
	GlobalSection(SolutionProperties) = preSolution
		HideSolutionNode = FALSE
	EndGlobalSection
EndGlobal
